
Microsoft Visual Studio Solution File, Format Version 12.00
# Visual Studio 15
VisualStudioVersion = 15.0.27130.2036
MinimumVisualStudioVersion = 10.0.40219.1
Project("{8BC9CEB8-8B4A-11D0-8D11-00A0C91BC942}") = "CppTestCode", "CppTestCode\CppTestCode.vcxproj", "{D2AD6BD5-0785-4428-8FAD-6B8D0BE3F178}"
EndProject
Project("{8BC9CEB8-8B4A-11D0-8D11-00A0C91BC942}") = "ExceptionMemoryLeakDemo", "ExceptionMemoryLeakDemo\ExceptionMemoryLeakDemo.vcxproj", "{D9F9B021-AF21-46B2-A7D6-696E3FA8FEF6}"
EndProject
Project("{8BC9CEB8-8B4A-11D0-8D11-00A0C91BC942}") = "BufferOverflowDemo", "BufferOverflowDemo\BufferOverflowDemo.vcxproj", "{770AF986-D201-4058-AD1F-A29494E5A37A}"
EndProject
Project("{8BC9CEB8-8B4A-11D0-8D11-00A0C91BC942}") = "StudentIDBasic", "ItemStockingBasic\ItemStockingBasic.vcxproj", "{A2DC821F-599D-4388-B03C-54F31D4877C9}"
EndProject
Project("{8BC9CEB8-8B4A-11D0-8D11-00A0C91BC942}") = "ConditionalDemo", "ConditionalDemo\ConditionalDemo.vcxproj", "{880A1C71-79EF-4A23-8E2B-A7DF917B2031}"
EndProject
Project("{8BC9CEB8-8B4A-11D0-8D11-00A0C91BC942}") = "LoopsDemo", "LoopsDemo\LoopsDemo.vcxproj", "{E362C4A4-25AB-459A-9BA7-3CB13760BE05}"
EndProject
Project("{8BC9CEB8-8B4A-11D0-8D11-00A0C91BC942}") = "FunctionsDemo", "FunctionsDemo\FunctionsDemo.vcxproj", "{9535DA9A-AD95-4682-A3A0-17B31FE383AC}"
EndProject
Project("{8BC9CEB8-8B4A-11D0-8D11-00A0C91BC942}") = "iostreamDemo", "iostreamDemo\iostreamDemo.vcxproj", "{1A8CFA29-A573-4850-90EB-23E920E23A23}"
EndProject
Project("{8BC9CEB8-8B4A-11D0-8D11-00A0C91BC942}") = "HelloWorld", "HelloWorld\HelloWorld.vcxproj", "{5BD7A9B5-5D49-4411-9D13-731252179F05}"
EndProject
Project("{8BC9CEB8-8B4A-11D0-8D11-00A0C91BC942}") = "StudentIDBareBones", "StudentIDBareBones\StudentIDBareBones.vcxproj", "{BDA8F718-0AF9-44DC-8831-1E57463B78B5}"
EndProject
Project("{8BC9CEB8-8B4A-11D0-8D11-00A0C91BC942}") = "Week2Questions", "Week2Questions\Week2Questions.vcxproj", "{1492C864-8D88-48C2-8B19-2828F12A27EF}"
EndProject
Project("{8BC9CEB8-8B4A-11D0-8D11-00A0C91BC942}") = "Week2Demo", "Week2Demo\Week2Demo.vcxproj", "{C3BD1F56-6129-4E7F-B318-7092C941BEDB}"
EndProject
Project("{8BC9CEB8-8B4A-11D0-8D11-00A0C91BC942}") = "StdOptional", "UnionErrorHandling\UnionErrorHandling.vcxproj", "{EF5719D4-BCC3-4E3F-9385-79629A11619E}"
EndProject
Project("{8BC9CEB8-8B4A-11D0-8D11-00A0C91BC942}") = "Week2Solutions", "Week2Solutions\Week2Solutions.vcxproj", "{74D7CBCE-9C5B-4C8E-A915-B2550278B1F0}"
EndProject
Project("{8BC9CEB8-8B4A-11D0-8D11-00A0C91BC942}") = "Week4Demo", "Week4Demo\Week4Demo.vcxproj", "{E97BAAB9-D27E-49EC-A8F3-35D2F48B302B}"
EndProject
Project("{8BC9CEB8-8B4A-11D0-8D11-00A0C91BC942}") = "Week5Demo", "Week5Demo\Week5Demo.vcxproj", "{F4990364-CFB0-49BB-9D33-A0E55A03B732}"
EndProject
Project("{8BC9CEB8-8B4A-11D0-8D11-00A0C91BC942}") = "Week6Demo", "Week6Demo\Week6Demo.vcxproj", "{E8E73EA4-7998-4D2C-AE19-3ADA5ADB0440}"
EndProject
Global
	GlobalSection(SolutionConfigurationPlatforms) = preSolution
		Debug|Any CPU = Debug|Any CPU
		Debug|x64 = Debug|x64
		Debug|x86 = Debug|x86
		Release|Any CPU = Release|Any CPU
		Release|x64 = Release|x64
		Release|x86 = Release|x86
	EndGlobalSection
	GlobalSection(ProjectConfigurationPlatforms) = postSolution
		{D2AD6BD5-0785-4428-8FAD-6B8D0BE3F178}.Debug|Any CPU.ActiveCfg = Debug|Win32
		{D2AD6BD5-0785-4428-8FAD-6B8D0BE3F178}.Debug|x64.ActiveCfg = Debug|x64
		{D2AD6BD5-0785-4428-8FAD-6B8D0BE3F178}.Debug|x64.Build.0 = Debug|x64
		{D2AD6BD5-0785-4428-8FAD-6B8D0BE3F178}.Debug|x86.ActiveCfg = Debug|Win32
		{D2AD6BD5-0785-4428-8FAD-6B8D0BE3F178}.Debug|x86.Build.0 = Debug|Win32
		{D2AD6BD5-0785-4428-8FAD-6B8D0BE3F178}.Release|Any CPU.ActiveCfg = Release|Win32
		{D2AD6BD5-0785-4428-8FAD-6B8D0BE3F178}.Release|x64.ActiveCfg = Release|x64
		{D2AD6BD5-0785-4428-8FAD-6B8D0BE3F178}.Release|x64.Build.0 = Release|x64
		{D2AD6BD5-0785-4428-8FAD-6B8D0BE3F178}.Release|x86.ActiveCfg = Release|Win32
		{D2AD6BD5-0785-4428-8FAD-6B8D0BE3F178}.Release|x86.Build.0 = Release|Win32
		{D9F9B021-AF21-46B2-A7D6-696E3FA8FEF6}.Debug|Any CPU.ActiveCfg = Debug|Win32
		{D9F9B021-AF21-46B2-A7D6-696E3FA8FEF6}.Debug|x64.ActiveCfg = Debug|x64
		{D9F9B021-AF21-46B2-A7D6-696E3FA8FEF6}.Debug|x64.Build.0 = Debug|x64
		{D9F9B021-AF21-46B2-A7D6-696E3FA8FEF6}.Debug|x86.ActiveCfg = Debug|Win32
		{D9F9B021-AF21-46B2-A7D6-696E3FA8FEF6}.Debug|x86.Build.0 = Debug|Win32
		{D9F9B021-AF21-46B2-A7D6-696E3FA8FEF6}.Release|Any CPU.ActiveCfg = Release|Win32
		{D9F9B021-AF21-46B2-A7D6-696E3FA8FEF6}.Release|x64.ActiveCfg = Release|x64
		{D9F9B021-AF21-46B2-A7D6-696E3FA8FEF6}.Release|x64.Build.0 = Release|x64
		{D9F9B021-AF21-46B2-A7D6-696E3FA8FEF6}.Release|x86.ActiveCfg = Release|Win32
		{D9F9B021-AF21-46B2-A7D6-696E3FA8FEF6}.Release|x86.Build.0 = Release|Win32
		{770AF986-D201-4058-AD1F-A29494E5A37A}.Debug|Any CPU.ActiveCfg = Debug|Win32
		{770AF986-D201-4058-AD1F-A29494E5A37A}.Debug|x64.ActiveCfg = Debug|x64
		{770AF986-D201-4058-AD1F-A29494E5A37A}.Debug|x64.Build.0 = Debug|x64
		{770AF986-D201-4058-AD1F-A29494E5A37A}.Debug|x86.ActiveCfg = Debug|Win32
		{770AF986-D201-4058-AD1F-A29494E5A37A}.Debug|x86.Build.0 = Debug|Win32
		{770AF986-D201-4058-AD1F-A29494E5A37A}.Release|Any CPU.ActiveCfg = Release|Win32
		{770AF986-D201-4058-AD1F-A29494E5A37A}.Release|x64.ActiveCfg = Release|x64
		{770AF986-D201-4058-AD1F-A29494E5A37A}.Release|x64.Build.0 = Release|x64
		{770AF986-D201-4058-AD1F-A29494E5A37A}.Release|x86.ActiveCfg = Release|Win32
		{770AF986-D201-4058-AD1F-A29494E5A37A}.Release|x86.Build.0 = Release|Win32
		{A2DC821F-599D-4388-B03C-54F31D4877C9}.Debug|Any CPU.ActiveCfg = Debug|Win32
		{A2DC821F-599D-4388-B03C-54F31D4877C9}.Debug|x64.ActiveCfg = Debug|x64
		{A2DC821F-599D-4388-B03C-54F31D4877C9}.Debug|x64.Build.0 = Debug|x64
		{A2DC821F-599D-4388-B03C-54F31D4877C9}.Debug|x86.ActiveCfg = Debug|Win32
		{A2DC821F-599D-4388-B03C-54F31D4877C9}.Debug|x86.Build.0 = Debug|Win32
		{A2DC821F-599D-4388-B03C-54F31D4877C9}.Release|Any CPU.ActiveCfg = Release|Win32
		{A2DC821F-599D-4388-B03C-54F31D4877C9}.Release|x64.ActiveCfg = Release|x64
		{A2DC821F-599D-4388-B03C-54F31D4877C9}.Release|x64.Build.0 = Release|x64
		{A2DC821F-599D-4388-B03C-54F31D4877C9}.Release|x86.ActiveCfg = Release|Win32
		{A2DC821F-599D-4388-B03C-54F31D4877C9}.Release|x86.Build.0 = Release|Win32
		{880A1C71-79EF-4A23-8E2B-A7DF917B2031}.Debug|Any CPU.ActiveCfg = Debug|Win32
		{880A1C71-79EF-4A23-8E2B-A7DF917B2031}.Debug|x64.ActiveCfg = Debug|x64
		{880A1C71-79EF-4A23-8E2B-A7DF917B2031}.Debug|x64.Build.0 = Debug|x64
		{880A1C71-79EF-4A23-8E2B-A7DF917B2031}.Debug|x86.ActiveCfg = Debug|Win32
		{880A1C71-79EF-4A23-8E2B-A7DF917B2031}.Debug|x86.Build.0 = Debug|Win32
		{880A1C71-79EF-4A23-8E2B-A7DF917B2031}.Release|Any CPU.ActiveCfg = Release|Win32
		{880A1C71-79EF-4A23-8E2B-A7DF917B2031}.Release|x64.ActiveCfg = Release|x64
		{880A1C71-79EF-4A23-8E2B-A7DF917B2031}.Release|x64.Build.0 = Release|x64
		{880A1C71-79EF-4A23-8E2B-A7DF917B2031}.Release|x86.ActiveCfg = Release|Win32
		{880A1C71-79EF-4A23-8E2B-A7DF917B2031}.Release|x86.Build.0 = Release|Win32
		{E362C4A4-25AB-459A-9BA7-3CB13760BE05}.Debug|Any CPU.ActiveCfg = Debug|Win32
		{E362C4A4-25AB-459A-9BA7-3CB13760BE05}.Debug|x64.ActiveCfg = Debug|x64
		{E362C4A4-25AB-459A-9BA7-3CB13760BE05}.Debug|x64.Build.0 = Debug|x64
		{E362C4A4-25AB-459A-9BA7-3CB13760BE05}.Debug|x86.ActiveCfg = Debug|Win32
		{E362C4A4-25AB-459A-9BA7-3CB13760BE05}.Debug|x86.Build.0 = Debug|Win32
		{E362C4A4-25AB-459A-9BA7-3CB13760BE05}.Release|Any CPU.ActiveCfg = Release|Win32
		{E362C4A4-25AB-459A-9BA7-3CB13760BE05}.Release|x64.ActiveCfg = Release|x64
		{E362C4A4-25AB-459A-9BA7-3CB13760BE05}.Release|x64.Build.0 = Release|x64
		{E362C4A4-25AB-459A-9BA7-3CB13760BE05}.Release|x86.ActiveCfg = Release|Win32
		{E362C4A4-25AB-459A-9BA7-3CB13760BE05}.Release|x86.Build.0 = Release|Win32
		{9535DA9A-AD95-4682-A3A0-17B31FE383AC}.Debug|Any CPU.ActiveCfg = Debug|Win32
		{9535DA9A-AD95-4682-A3A0-17B31FE383AC}.Debug|x64.ActiveCfg = Debug|x64
		{9535DA9A-AD95-4682-A3A0-17B31FE383AC}.Debug|x64.Build.0 = Debug|x64
		{9535DA9A-AD95-4682-A3A0-17B31FE383AC}.Debug|x86.ActiveCfg = Debug|Win32
		{9535DA9A-AD95-4682-A3A0-17B31FE383AC}.Debug|x86.Build.0 = Debug|Win32
		{9535DA9A-AD95-4682-A3A0-17B31FE383AC}.Release|Any CPU.ActiveCfg = Release|Win32
		{9535DA9A-AD95-4682-A3A0-17B31FE383AC}.Release|x64.ActiveCfg = Release|x64
		{9535DA9A-AD95-4682-A3A0-17B31FE383AC}.Release|x64.Build.0 = Release|x64
		{9535DA9A-AD95-4682-A3A0-17B31FE383AC}.Release|x86.ActiveCfg = Release|Win32
		{9535DA9A-AD95-4682-A3A0-17B31FE383AC}.Release|x86.Build.0 = Release|Win32
		{1A8CFA29-A573-4850-90EB-23E920E23A23}.Debug|Any CPU.ActiveCfg = Debug|Win32
		{1A8CFA29-A573-4850-90EB-23E920E23A23}.Debug|x64.ActiveCfg = Debug|x64
		{1A8CFA29-A573-4850-90EB-23E920E23A23}.Debug|x64.Build.0 = Debug|x64
		{1A8CFA29-A573-4850-90EB-23E920E23A23}.Debug|x86.ActiveCfg = Debug|Win32
		{1A8CFA29-A573-4850-90EB-23E920E23A23}.Debug|x86.Build.0 = Debug|Win32
		{1A8CFA29-A573-4850-90EB-23E920E23A23}.Release|Any CPU.ActiveCfg = Release|Win32
		{1A8CFA29-A573-4850-90EB-23E920E23A23}.Release|x64.ActiveCfg = Release|x64
		{1A8CFA29-A573-4850-90EB-23E920E23A23}.Release|x64.Build.0 = Release|x64
		{1A8CFA29-A573-4850-90EB-23E920E23A23}.Release|x86.ActiveCfg = Release|Win32
		{1A8CFA29-A573-4850-90EB-23E920E23A23}.Release|x86.Build.0 = Release|Win32
		{5BD7A9B5-5D49-4411-9D13-731252179F05}.Debug|Any CPU.ActiveCfg = Debug|Win32
		{5BD7A9B5-5D49-4411-9D13-731252179F05}.Debug|x64.ActiveCfg = Debug|x64
		{5BD7A9B5-5D49-4411-9D13-731252179F05}.Debug|x64.Build.0 = Debug|x64
		{5BD7A9B5-5D49-4411-9D13-731252179F05}.Debug|x86.ActiveCfg = Debug|Win32
		{5BD7A9B5-5D49-4411-9D13-731252179F05}.Debug|x86.Build.0 = Debug|Win32
		{5BD7A9B5-5D49-4411-9D13-731252179F05}.Release|Any CPU.ActiveCfg = Release|Win32
		{5BD7A9B5-5D49-4411-9D13-731252179F05}.Release|x64.ActiveCfg = Release|x64
		{5BD7A9B5-5D49-4411-9D13-731252179F05}.Release|x64.Build.0 = Release|x64
		{5BD7A9B5-5D49-4411-9D13-731252179F05}.Release|x86.ActiveCfg = Release|Win32
		{5BD7A9B5-5D49-4411-9D13-731252179F05}.Release|x86.Build.0 = Release|Win32
		{BDA8F718-0AF9-44DC-8831-1E57463B78B5}.Debug|Any CPU.ActiveCfg = Debug|Win32
		{BDA8F718-0AF9-44DC-8831-1E57463B78B5}.Debug|x64.ActiveCfg = Debug|x64
		{BDA8F718-0AF9-44DC-8831-1E57463B78B5}.Debug|x64.Build.0 = Debug|x64
		{BDA8F718-0AF9-44DC-8831-1E57463B78B5}.Debug|x86.ActiveCfg = Debug|Win32
		{BDA8F718-0AF9-44DC-8831-1E57463B78B5}.Debug|x86.Build.0 = Debug|Win32
		{BDA8F718-0AF9-44DC-8831-1E57463B78B5}.Release|Any CPU.ActiveCfg = Release|Win32
		{BDA8F718-0AF9-44DC-8831-1E57463B78B5}.Release|x64.ActiveCfg = Release|x64
		{BDA8F718-0AF9-44DC-8831-1E57463B78B5}.Release|x64.Build.0 = Release|x64
		{BDA8F718-0AF9-44DC-8831-1E57463B78B5}.Release|x86.ActiveCfg = Release|Win32
		{BDA8F718-0AF9-44DC-8831-1E57463B78B5}.Release|x86.Build.0 = Release|Win32
		{1492C864-8D88-48C2-8B19-2828F12A27EF}.Debug|Any CPU.ActiveCfg = Debug|Win32
		{1492C864-8D88-48C2-8B19-2828F12A27EF}.Debug|x64.ActiveCfg = Debug|x64
		{1492C864-8D88-48C2-8B19-2828F12A27EF}.Debug|x64.Build.0 = Debug|x64
		{1492C864-8D88-48C2-8B19-2828F12A27EF}.Debug|x86.ActiveCfg = Debug|Win32
		{1492C864-8D88-48C2-8B19-2828F12A27EF}.Debug|x86.Build.0 = Debug|Win32
		{1492C864-8D88-48C2-8B19-2828F12A27EF}.Release|Any CPU.ActiveCfg = Release|Win32
		{1492C864-8D88-48C2-8B19-2828F12A27EF}.Release|x64.ActiveCfg = Release|x64
		{1492C864-8D88-48C2-8B19-2828F12A27EF}.Release|x64.Build.0 = Release|x64
		{1492C864-8D88-48C2-8B19-2828F12A27EF}.Release|x86.ActiveCfg = Release|Win32
		{1492C864-8D88-48C2-8B19-2828F12A27EF}.Release|x86.Build.0 = Release|Win32
		{C3BD1F56-6129-4E7F-B318-7092C941BEDB}.Debug|Any CPU.ActiveCfg = Debug|Win32
		{C3BD1F56-6129-4E7F-B318-7092C941BEDB}.Debug|x64.ActiveCfg = Debug|x64
		{C3BD1F56-6129-4E7F-B318-7092C941BEDB}.Debug|x64.Build.0 = Debug|x64
		{C3BD1F56-6129-4E7F-B318-7092C941BEDB}.Debug|x86.ActiveCfg = Debug|Win32
		{C3BD1F56-6129-4E7F-B318-7092C941BEDB}.Debug|x86.Build.0 = Debug|Win32
		{C3BD1F56-6129-4E7F-B318-7092C941BEDB}.Release|Any CPU.ActiveCfg = Release|Win32
		{C3BD1F56-6129-4E7F-B318-7092C941BEDB}.Release|x64.ActiveCfg = Release|x64
		{C3BD1F56-6129-4E7F-B318-7092C941BEDB}.Release|x64.Build.0 = Release|x64
		{C3BD1F56-6129-4E7F-B318-7092C941BEDB}.Release|x86.ActiveCfg = Release|Win32
		{C3BD1F56-6129-4E7F-B318-7092C941BEDB}.Release|x86.Build.0 = Release|Win32
		{EF5719D4-BCC3-4E3F-9385-79629A11619E}.Debug|Any CPU.ActiveCfg = Debug|Win32
		{EF5719D4-BCC3-4E3F-9385-79629A11619E}.Debug|x64.ActiveCfg = Debug|x64
		{EF5719D4-BCC3-4E3F-9385-79629A11619E}.Debug|x64.Build.0 = Debug|x64
		{EF5719D4-BCC3-4E3F-9385-79629A11619E}.Debug|x86.ActiveCfg = Debug|Win32
		{EF5719D4-BCC3-4E3F-9385-79629A11619E}.Debug|x86.Build.0 = Debug|Win32
		{EF5719D4-BCC3-4E3F-9385-79629A11619E}.Release|Any CPU.ActiveCfg = Release|Win32
		{EF5719D4-BCC3-4E3F-9385-79629A11619E}.Release|x64.ActiveCfg = Release|x64
		{EF5719D4-BCC3-4E3F-9385-79629A11619E}.Release|x64.Build.0 = Release|x64
		{EF5719D4-BCC3-4E3F-9385-79629A11619E}.Release|x86.ActiveCfg = Release|Win32
		{EF5719D4-BCC3-4E3F-9385-79629A11619E}.Release|x86.Build.0 = Release|Win32
		{74D7CBCE-9C5B-4C8E-A915-B2550278B1F0}.Debug|Any CPU.ActiveCfg = Debug|Win32
		{74D7CBCE-9C5B-4C8E-A915-B2550278B1F0}.Debug|x64.ActiveCfg = Debug|x64
		{74D7CBCE-9C5B-4C8E-A915-B2550278B1F0}.Debug|x64.Build.0 = Debug|x64
		{74D7CBCE-9C5B-4C8E-A915-B2550278B1F0}.Debug|x86.ActiveCfg = Debug|Win32
		{74D7CBCE-9C5B-4C8E-A915-B2550278B1F0}.Debug|x86.Build.0 = Debug|Win32
		{74D7CBCE-9C5B-4C8E-A915-B2550278B1F0}.Release|Any CPU.ActiveCfg = Release|Win32
		{74D7CBCE-9C5B-4C8E-A915-B2550278B1F0}.Release|x64.ActiveCfg = Release|x64
		{74D7CBCE-9C5B-4C8E-A915-B2550278B1F0}.Release|x64.Build.0 = Release|x64
		{74D7CBCE-9C5B-4C8E-A915-B2550278B1F0}.Release|x86.ActiveCfg = Release|Win32
		{74D7CBCE-9C5B-4C8E-A915-B2550278B1F0}.Release|x86.Build.0 = Release|Win32
		{E97BAAB9-D27E-49EC-A8F3-35D2F48B302B}.Debug|Any CPU.ActiveCfg = Debug|Win32
		{E97BAAB9-D27E-49EC-A8F3-35D2F48B302B}.Debug|x64.ActiveCfg = Debug|x64
		{E97BAAB9-D27E-49EC-A8F3-35D2F48B302B}.Debug|x64.Build.0 = Debug|x64
		{E97BAAB9-D27E-49EC-A8F3-35D2F48B302B}.Debug|x86.ActiveCfg = Debug|Win32
		{E97BAAB9-D27E-49EC-A8F3-35D2F48B302B}.Debug|x86.Build.0 = Debug|Win32
		{E97BAAB9-D27E-49EC-A8F3-35D2F48B302B}.Release|Any CPU.ActiveCfg = Release|Win32
		{E97BAAB9-D27E-49EC-A8F3-35D2F48B302B}.Release|x64.ActiveCfg = Release|x64
		{E97BAAB9-D27E-49EC-A8F3-35D2F48B302B}.Release|x64.Build.0 = Release|x64
		{E97BAAB9-D27E-49EC-A8F3-35D2F48B302B}.Release|x86.ActiveCfg = Release|Win32
		{E97BAAB9-D27E-49EC-A8F3-35D2F48B302B}.Release|x86.Build.0 = Release|Win32
		{F4990364-CFB0-49BB-9D33-A0E55A03B732}.Debug|Any CPU.ActiveCfg = Debug|Win32
		{F4990364-CFB0-49BB-9D33-A0E55A03B732}.Debug|x64.ActiveCfg = Debug|x64
		{F4990364-CFB0-49BB-9D33-A0E55A03B732}.Debug|x64.Build.0 = Debug|x64
		{F4990364-CFB0-49BB-9D33-A0E55A03B732}.Debug|x86.ActiveCfg = Debug|Win32
		{F4990364-CFB0-49BB-9D33-A0E55A03B732}.Debug|x86.Build.0 = Debug|Win32
		{F4990364-CFB0-49BB-9D33-A0E55A03B732}.Release|Any CPU.ActiveCfg = Release|Win32
		{F4990364-CFB0-49BB-9D33-A0E55A03B732}.Release|x64.ActiveCfg = Release|x64
		{F4990364-CFB0-49BB-9D33-A0E55A03B732}.Release|x64.Build.0 = Release|x64
		{F4990364-CFB0-49BB-9D33-A0E55A03B732}.Release|x86.ActiveCfg = Release|Win32
		{F4990364-CFB0-49BB-9D33-A0E55A03B732}.Release|x86.Build.0 = Release|Win32
		{E8E73EA4-7998-4D2C-AE19-3ADA5ADB0440}.Debug|Any CPU.ActiveCfg = Debug|Win32
		{E8E73EA4-7998-4D2C-AE19-3ADA5ADB0440}.Debug|x64.ActiveCfg = Debug|x64
		{E8E73EA4-7998-4D2C-AE19-3ADA5ADB0440}.Debug|x64.Build.0 = Debug|x64
		{E8E73EA4-7998-4D2C-AE19-3ADA5ADB0440}.Debug|x86.ActiveCfg = Debug|Win32
		{E8E73EA4-7998-4D2C-AE19-3ADA5ADB0440}.Debug|x86.Build.0 = Debug|Win32
		{E8E73EA4-7998-4D2C-AE19-3ADA5ADB0440}.Release|Any CPU.ActiveCfg = Release|Win32
		{E8E73EA4-7998-4D2C-AE19-3ADA5ADB0440}.Release|x64.ActiveCfg = Release|x64
		{E8E73EA4-7998-4D2C-AE19-3ADA5ADB0440}.Release|x64.Build.0 = Release|x64
		{E8E73EA4-7998-4D2C-AE19-3ADA5ADB0440}.Release|x86.ActiveCfg = Release|Win32
		{E8E73EA4-7998-4D2C-AE19-3ADA5ADB0440}.Release|x86.Build.0 = Release|Win32
	EndGlobalSection
	GlobalSection(SolutionProperties) = preSolution
		HideSolutionNode = FALSE
	EndGlobalSection
	GlobalSection(ExtensibilityGlobals) = postSolution
		SolutionGuid = {7BA15637-933B-4AE9-ADD9-E43EA3869398}
	EndGlobalSection
EndGlobal
